
Microsoft Visual Studio Solution File, Format Version 11.00
# Visual Studio 2010
Project("{FAE04EC0-301F-11D3-BF4B-00C04F79EFBC}") = "SingleDigitProduct", "SingleDigitProduct\SingleDigitProduct.csproj", "{D2164E2A-FFD5-4301-8A6E-B357B32ECC50}"
EndProject
Project("{FAE04EC0-301F-11D3-BF4B-00C04F79EFBC}") = "RemoveDuplicateNames", "RemoveDuplicateNames\RemoveDuplicateNames.csproj", "{E5D97EBE-E233-4F80-8138-B0EB8F9B0BD9}"
EndProject
Global
	GlobalSection(SolutionConfigurationPlatforms) = preSolution
		Debug|x86 = Debug|x86
		Release|x86 = Release|x86
	EndGlobalSection
	GlobalSection(ProjectConfigurationPlatforms) = postSolution
		{D2164E2A-FFD5-4301-8A6E-B357B32ECC50}.Debug|x86.ActiveCfg = Debug|x86
		{D2164E2A-FFD5-4301-8A6E-B357B32ECC50}.Debug|x86.Build.0 = Debug|x86
		{D2164E2A-FFD5-4301-8A6E-B357B32ECC50}.Release|x86.ActiveCfg = Release|x86
		{D2164E2A-FFD5-4301-8A6E-B357B32ECC50}.Release|x86.Build.0 = Release|x86
		{E5D97EBE-E233-4F80-8138-B0EB8F9B0BD9}.Debug|x86.ActiveCfg = Debug|x86
		{E5D97EBE-E233-4F80-8138-B0EB8F9B0BD9}.Debug|x86.Build.0 = Debug|x86
		{E5D97EBE-E233-4F80-8138-B0EB8F9B0BD9}.Release|x86.ActiveCfg = Release|x86
		{E5D97EBE-E233-4F80-8138-B0EB8F9B0BD9}.Release|x86.Build.0 = Release|x86
	EndGlobalSection
	GlobalSection(SolutionProperties) = preSolution
		HideSolutionNode = FALSE
	EndGlobalSection
EndGlobal
